
Microsoft Visual Studio Solution File, Format Version 12.00
# Visual Studio Version 17
VisualStudioVersion = 17.1.32328.378
MinimumVisualStudioVersion = 10.0.40219.1
Project("{FAE04EC0-301F-11D3-BF4B-00C04F79EFBC}") = "multikino", "multikino\multikino.csproj", "{8B787FC2-E127-4B7E-92EA-1C7BF2755059}"
EndProject
Global
	GlobalSection(SolutionConfigurationPlatforms) = preSolution
		Debug|Any CPU = Debug|Any CPU
		Release|Any CPU = Release|Any CPU
	EndGlobalSection
	GlobalSection(ProjectConfigurationPlatforms) = postSolution
		{8B787FC2-E127-4B7E-92EA-1C7BF2755059}.Debug|Any CPU.ActiveCfg = Debug|Any CPU
		{8B787FC2-E127-4B7E-92EA-1C7BF2755059}.Debug|Any CPU.Build.0 = Debug|Any CPU
		{8B787FC2-E127-4B7E-92EA-1C7BF2755059}.Release|Any CPU.ActiveCfg = Release|Any CPU
		{8B787FC2-E127-4B7E-92EA-1C7BF2755059}.Release|Any CPU.Build.0 = Release|Any CPU
	EndGlobalSection
	GlobalSection(SolutionProperties) = preSolution
		HideSolutionNode = FALSE
	EndGlobalSection
	GlobalSection(ExtensibilityGlobals) = postSolution
		SolutionGuid = {6540DBCA-5241-442F-AD75-7FBB4E921895}
	EndGlobalSection
EndGlobal
